
Microsoft Visual Studio Solution File, Format Version 12.00
# Visual Studio Version 16
VisualStudioVersion = 16.0.31105.61
MinimumVisualStudioVersion = 10.0.40219.1
Project("{FAE04EC0-301F-11D3-BF4B-00C04F79EFBC}") = "web", "web\web.csproj", "{7107B8B8-6AE8-48A2-BB88-7BD5472F231F}"
EndProject
Global
	GlobalSection(SolutionConfigurationPlatforms) = preSolution
		Debug|Any CPU = Debug|Any CPU
		Release|Any CPU = Release|Any CPU
	EndGlobalSection
	GlobalSection(ProjectConfigurationPlatforms) = postSolution
		{7107B8B8-6AE8-48A2-BB88-7BD5472F231F}.Debug|Any CPU.ActiveCfg = Debug|Any CPU
		{7107B8B8-6AE8-48A2-BB88-7BD5472F231F}.Debug|Any CPU.Build.0 = Debug|Any CPU
		{7107B8B8-6AE8-48A2-BB88-7BD5472F231F}.Release|Any CPU.ActiveCfg = Release|Any CPU
		{7107B8B8-6AE8-48A2-BB88-7BD5472F231F}.Release|Any CPU.Build.0 = Release|Any CPU
	EndGlobalSection
	GlobalSection(SolutionProperties) = preSolution
		HideSolutionNode = FALSE
	EndGlobalSection
	GlobalSection(ExtensibilityGlobals) = postSolution
		SolutionGuid = {7770F307-5C5E-4326-9BE5-EDC0C78AB0EF}
	EndGlobalSection
EndGlobal
